
Microsoft Visual Studio Solution File, Format Version 12.00
# Visual Studio 15
VisualStudioVersion = 15.0.26730.16
MinimumVisualStudioVersion = 10.0.40219.1
Project("{8BC9CEB8-8B4A-11D0-8D11-00A0C91BC942}") = "G05_ AA2-2", "src\G05_ AA2-2\G05_ AA2-2.vcxproj", "{C56DE0C6-EC0F-4990-A1A5-02F62085EA99}"
EndProject
Global
	GlobalSection(SolutionConfigurationPlatforms) = preSolution
		Debug|x64 = Debug|x64
		Debug|x86 = Debug|x86
		Release|x64 = Release|x64
		Release|x86 = Release|x86
	EndGlobalSection
	GlobalSection(ProjectConfigurationPlatforms) = postSolution
		{C56DE0C6-EC0F-4990-A1A5-02F62085EA99}.Debug|x64.ActiveCfg = Debug|x64
		{C56DE0C6-EC0F-4990-A1A5-02F62085EA99}.Debug|x64.Build.0 = Debug|x64
		{C56DE0C6-EC0F-4990-A1A5-02F62085EA99}.Debug|x86.ActiveCfg = Debug|Win32
		{C56DE0C6-EC0F-4990-A1A5-02F62085EA99}.Debug|x86.Build.0 = Debug|Win32
		{C56DE0C6-EC0F-4990-A1A5-02F62085EA99}.Release|x64.ActiveCfg = Release|x64
		{C56DE0C6-EC0F-4990-A1A5-02F62085EA99}.Release|x64.Build.0 = Release|x64
		{C56DE0C6-EC0F-4990-A1A5-02F62085EA99}.Release|x86.ActiveCfg = Release|Win32
		{C56DE0C6-EC0F-4990-A1A5-02F62085EA99}.Release|x86.Build.0 = Release|Win32
	EndGlobalSection
	GlobalSection(SolutionProperties) = preSolution
		HideSolutionNode = FALSE
	EndGlobalSection
	GlobalSection(ExtensibilityGlobals) = postSolution
		SolutionGuid = {A806E3F2-3DD2-44CB-AABB-4DD9DB147417}
	EndGlobalSection
EndGlobal
